// !$*UTF8*$!
{
	archiveVersion = 1;
	classes = {
	};
	objectVersion = 56;
	objects = {

/* Begin PBXBuildFile section */
		CE4D3A2629B5234600A2E09A /* PostViewController.swift in Sources */ = {isa = PBXBuildFile; fileRef = CE4D3A2529B5234600A2E09A /* PostViewController.swift */; };
		CE4D3A2829B5CB6F00A2E09A /* ProfileViewController.swift in Sources */ = {isa = PBXBuildFile; fileRef = CE4D3A2729B5CB6F00A2E09A /* ProfileViewController.swift */; };
		CEB0274529B002EA001F2DDE /* AppDelegate.swift in Sources */ = {isa = PBXBuildFile; fileRef = CEB0274429B002EA001F2DDE /* AppDelegate.swift */; };
		CEB0274729B002EA001F2DDE /* SceneDelegate.swift in Sources */ = {isa = PBXBuildFile; fileRef = CEB0274629B002EA001F2DDE /* SceneDelegate.swift */; };
		CEB0274929B002EA001F2DDE /* ViewController.swift in Sources */ = {isa = PBXBuildFile; fileRef = CEB0274829B002EA001F2DDE /* ViewController.swift */; };
		CEB0274C29B002EA001F2DDE /* Main.storyboard in Resources */ = {isa = PBXBuildFile; fileRef = CEB0274A29B002EA001F2DDE /* Main.storyboard */; };
		CEB0274F29B002EA001F2DDE /* Vkontakte.xcdatamodeld in Sources */ = {isa = PBXBuildFile; fileRef = CEB0274D29B002EA001F2DDE /* Vkontakte.xcdatamodeld */; };
		CEB0275129B002EC001F2DDE /* Assets.xcassets in Resources */ = {isa = PBXBuildFile; fileRef = CEB0275029B002EC001F2DDE /* Assets.xcassets */; };
		CEB0275429B002EC001F2DDE /* LaunchScreen.storyboard in Resources */ = {isa = PBXBuildFile; fileRef = CEB0275229B002EC001F2DDE /* LaunchScreen.storyboard */; };
		CEB0275F29B002EC001F2DDE /* VkontakteTests.swift in Sources */ = {isa = PBXBuildFile; fileRef = CEB0275E29B002EC001F2DDE /* VkontakteTests.swift */; };
		CEB0276929B002EC001F2DDE /* VkontakteUITests.swift in Sources */ = {isa = PBXBuildFile; fileRef = CEB0276829B002EC001F2DDE /* VkontakteUITests.swift */; };
		CEB0276B29B002EC001F2DDE /* VkontakteUITestsLaunchTests.swift in Sources */ = {isa = PBXBuildFile; fileRef = CEB0276A29B002EC001F2DDE /* VkontakteUITestsLaunchTests.swift */; };
		CEB0277929B005FD001F2DDE /* CoordinatorProtocol.swift in Sources */ = {isa = PBXBuildFile; fileRef = CEB0277829B005FD001F2DDE /* CoordinatorProtocol.swift */; };
		CEB0277B29B0064D001F2DDE /* AppCoordinator.swift in Sources */ = {isa = PBXBuildFile; fileRef = CEB0277A29B0064D001F2DDE /* AppCoordinator.swift */; };
		CEB0277E29B00770001F2DDE /* FactoryProtocol.swift in Sources */ = {isa = PBXBuildFile; fileRef = CEB0277D29B00770001F2DDE /* FactoryProtocol.swift */; };
		CEB0278029B007F5001F2DDE /* Factory.swift in Sources */ = {isa = PBXBuildFile; fileRef = CEB0277F29B007F5001F2DDE /* Factory.swift */; };
		CEB0278A29B07B1D001F2DDE /* LandingViewController.swift in Sources */ = {isa = PBXBuildFile; fileRef = CEB0278929B07B1D001F2DDE /* LandingViewController.swift */; };
		CEB0278D29B07C3C001F2DDE /* SnapKit in Frameworks */ = {isa = PBXBuildFile; productRef = CEB0278C29B07C3C001F2DDE /* SnapKit */; };
		CEB0278F29B0A522001F2DDE /* RegisterViewController.swift in Sources */ = {isa = PBXBuildFile; fileRef = CEB0278E29B0A522001F2DDE /* RegisterViewController.swift */; };
		CEB0279229B0B644001F2DDE /* Customization.swift in Sources */ = {isa = PBXBuildFile; fileRef = CEB0279129B0B644001F2DDE /* Customization.swift */; };
		CEB0279429B0B91A001F2DDE /* ConfirmationViewController.swift in Sources */ = {isa = PBXBuildFile; fileRef = CEB0279329B0B91A001F2DDE /* ConfirmationViewController.swift */; };
		CEB0279629B12263001F2DDE /* RegisterViewModel.swift in Sources */ = {isa = PBXBuildFile; fileRef = CEB0279529B12263001F2DDE /* RegisterViewModel.swift */; };
		CEB0279829B1234D001F2DDE /* UserModel.swift in Sources */ = {isa = PBXBuildFile; fileRef = CEB0279729B1234D001F2DDE /* UserModel.swift */; };
		CEB0279A29B13190001F2DDE /* GeneralInfoViewController.swift in Sources */ = {isa = PBXBuildFile; fileRef = CEB0279929B13190001F2DDE /* GeneralInfoViewController.swift */; };
		CEB0279D29B229A0001F2DDE /* LocalNotificationService.swift in Sources */ = {isa = PBXBuildFile; fileRef = CEB0279C29B229A0001F2DDE /* LocalNotificationService.swift */; };
		CEB0279F29B27322001F2DDE /* UserStorage.swift in Sources */ = {isa = PBXBuildFile; fileRef = CEB0279E29B27322001F2DDE /* UserStorage.swift */; };
		CEB027A129B27448001F2DDE /* FeedViewController.swift in Sources */ = {isa = PBXBuildFile; fileRef = CEB027A029B27448001F2DDE /* FeedViewController.swift */; };
		CEB027A329B275FC001F2DDE /* UsersCollectionHeaderView.swift in Sources */ = {isa = PBXBuildFile; fileRef = CEB027A229B275FC001F2DDE /* UsersCollectionHeaderView.swift */; };
		CEB027A529B276AA001F2DDE /* UserCollectionViewCell.swift in Sources */ = {isa = PBXBuildFile; fileRef = CEB027A429B276AA001F2DDE /* UserCollectionViewCell.swift */; };
		CEB027A729B27BE2001F2DDE /* PostModel.swift in Sources */ = {isa = PBXBuildFile; fileRef = CEB027A629B27BE2001F2DDE /* PostModel.swift */; };
		CEB027A929B27CD5001F2DDE /* PostStorage.swift in Sources */ = {isa = PBXBuildFile; fileRef = CEB027A829B27CD5001F2DDE /* PostStorage.swift */; };
		CEB027AB29B281B2001F2DDE /* PostTableViewCell.swift in Sources */ = {isa = PBXBuildFile; fileRef = CEB027AA29B281B2001F2DDE /* PostTableViewCell.swift */; };
		CEB027AD29B28411001F2DDE /* UserView.swift in Sources */ = {isa = PBXBuildFile; fileRef = CEB027AC29B28411001F2DDE /* UserView.swift */; };
/* End PBXBuildFile section */

/* Begin PBXContainerItemProxy section */
		CEB0275B29B002EC001F2DDE /* PBXContainerItemProxy */ = {
			isa = PBXContainerItemProxy;
			containerPortal = CEB0273929B002EA001F2DDE /* Project object */;
			proxyType = 1;
			remoteGlobalIDString = CEB0274029B002EA001F2DDE;
			remoteInfo = Vkontakte;
		};
		CEB0276529B002EC001F2DDE /* PBXContainerItemProxy */ = {
			isa = PBXContainerItemProxy;
			containerPortal = CEB0273929B002EA001F2DDE /* Project object */;
			proxyType = 1;
			remoteGlobalIDString = CEB0274029B002EA001F2DDE;
			remoteInfo = Vkontakte;
		};
/* End PBXContainerItemProxy section */

/* Begin PBXFileReference section */
		CE4D3A2529B5234600A2E09A /* PostViewController.swift */ = {isa = PBXFileReference; lastKnownFileType = sourcecode.swift; path = PostViewController.swift; sourceTree = "<group>"; };
		CE4D3A2729B5CB6F00A2E09A /* ProfileViewController.swift */ = {isa = PBXFileReference; lastKnownFileType = sourcecode.swift; path = ProfileViewController.swift; sourceTree = "<group>"; };
		CEB0274129B002EA001F2DDE /* Vkontakte.app */ = {isa = PBXFileReference; explicitFileType = wrapper.application; includeInIndex = 0; path = Vkontakte.app; sourceTree = BUILT_PRODUCTS_DIR; };
		CEB0274429B002EA001F2DDE /* AppDelegate.swift */ = {isa = PBXFileReference; lastKnownFileType = sourcecode.swift; path = AppDelegate.swift; sourceTree = "<group>"; };
		CEB0274629B002EA001F2DDE /* SceneDelegate.swift */ = {isa = PBXFileReference; lastKnownFileType = sourcecode.swift; path = SceneDelegate.swift; sourceTree = "<group>"; };
		CEB0274829B002EA001F2DDE /* ViewController.swift */ = {isa = PBXFileReference; lastKnownFileType = sourcecode.swift; path = ViewController.swift; sourceTree = "<group>"; };
		CEB0274B29B002EA001F2DDE /* Base */ = {isa = PBXFileReference; lastKnownFileType = file.storyboard; name = Base; path = Base.lproj/Main.storyboard; sourceTree = "<group>"; };
		CEB0274E29B002EA001F2DDE /* Vkontakte.xcdatamodel */ = {isa = PBXFileReference; lastKnownFileType = wrapper.xcdatamodel; path = Vkontakte.xcdatamodel; sourceTree = "<group>"; };
		CEB0275029B002EC001F2DDE /* Assets.xcassets */ = {isa = PBXFileReference; lastKnownFileType = folder.assetcatalog; path = Assets.xcassets; sourceTree = "<group>"; };
		CEB0275329B002EC001F2DDE /* Base */ = {isa = PBXFileReference; lastKnownFileType = file.storyboard; name = Base; path = Base.lproj/LaunchScreen.storyboard; sourceTree = "<group>"; };
		CEB0275529B002EC001F2DDE /* Info.plist */ = {isa = PBXFileReference; lastKnownFileType = text.plist.xml; path = Info.plist; sourceTree = "<group>"; };
		CEB0275A29B002EC001F2DDE /* VkontakteTests.xctest */ = {isa = PBXFileReference; explicitFileType = wrapper.cfbundle; includeInIndex = 0; path = VkontakteTests.xctest; sourceTree = BUILT_PRODUCTS_DIR; };
		CEB0275E29B002EC001F2DDE /* VkontakteTests.swift */ = {isa = PBXFileReference; lastKnownFileType = sourcecode.swift; path = VkontakteTests.swift; sourceTree = "<group>"; };
		CEB0276429B002EC001F2DDE /* VkontakteUITests.xctest */ = {isa = PBXFileReference; explicitFileType = wrapper.cfbundle; includeInIndex = 0; path = VkontakteUITests.xctest; sourceTree = BUILT_PRODUCTS_DIR; };
		CEB0276829B002EC001F2DDE /* VkontakteUITests.swift */ = {isa = PBXFileReference; lastKnownFileType = sourcecode.swift; path = VkontakteUITests.swift; sourceTree = "<group>"; };
		CEB0276A29B002EC001F2DDE /* VkontakteUITestsLaunchTests.swift */ = {isa = PBXFileReference; lastKnownFileType = sourcecode.swift; path = VkontakteUITestsLaunchTests.swift; sourceTree = "<group>"; };
		CEB0277829B005FD001F2DDE /* CoordinatorProtocol.swift */ = {isa = PBXFileReference; lastKnownFileType = sourcecode.swift; path = CoordinatorProtocol.swift; sourceTree = "<group>"; };
		CEB0277A29B0064D001F2DDE /* AppCoordinator.swift */ = {isa = PBXFileReference; lastKnownFileType = sourcecode.swift; path = AppCoordinator.swift; sourceTree = "<group>"; };
		CEB0277D29B00770001F2DDE /* FactoryProtocol.swift */ = {isa = PBXFileReference; lastKnownFileType = sourcecode.swift; path = FactoryProtocol.swift; sourceTree = "<group>"; };
		CEB0277F29B007F5001F2DDE /* Factory.swift */ = {isa = PBXFileReference; lastKnownFileType = sourcecode.swift; path = Factory.swift; sourceTree = "<group>"; };
		CEB0278929B07B1D001F2DDE /* LandingViewController.swift */ = {isa = PBXFileReference; lastKnownFileType = sourcecode.swift; path = LandingViewController.swift; sourceTree = "<group>"; };
		CEB0278E29B0A522001F2DDE /* RegisterViewController.swift */ = {isa = PBXFileReference; lastKnownFileType = sourcecode.swift; path = RegisterViewController.swift; sourceTree = "<group>"; };
		CEB0279129B0B644001F2DDE /* Customization.swift */ = {isa = PBXFileReference; lastKnownFileType = sourcecode.swift; path = Customization.swift; sourceTree = "<group>"; };
		CEB0279329B0B91A001F2DDE /* ConfirmationViewController.swift */ = {isa = PBXFileReference; lastKnownFileType = sourcecode.swift; path = ConfirmationViewController.swift; sourceTree = "<group>"; };
		CEB0279529B12263001F2DDE /* RegisterViewModel.swift */ = {isa = PBXFileReference; lastKnownFileType = sourcecode.swift; path = RegisterViewModel.swift; sourceTree = "<group>"; };
		CEB0279729B1234D001F2DDE /* UserModel.swift */ = {isa = PBXFileReference; lastKnownFileType = sourcecode.swift; path = UserModel.swift; sourceTree = "<group>"; };
		CEB0279929B13190001F2DDE /* GeneralInfoViewController.swift */ = {isa = PBXFileReference; lastKnownFileType = sourcecode.swift; path = GeneralInfoViewController.swift; sourceTree = "<group>"; };
		CEB0279C29B229A0001F2DDE /* LocalNotificationService.swift */ = {isa = PBXFileReference; lastKnownFileType = sourcecode.swift; path = LocalNotificationService.swift; sourceTree = "<group>"; };
		CEB0279E29B27322001F2DDE /* UserStorage.swift */ = {isa = PBXFileReference; lastKnownFileType = sourcecode.swift; path = UserStorage.swift; sourceTree = "<group>"; };
		CEB027A029B27448001F2DDE /* FeedViewController.swift */ = {isa = PBXFileReference; lastKnownFileType = sourcecode.swift; path = FeedViewController.swift; sourceTree = "<group>"; };
		CEB027A229B275FC001F2DDE /* UsersCollectionHeaderView.swift */ = {isa = PBXFileReference; lastKnownFileType = sourcecode.swift; path = UsersCollectionHeaderView.swift; sourceTree = "<group>"; };
		CEB027A429B276AA001F2DDE /* UserCollectionViewCell.swift */ = {isa = PBXFileReference; lastKnownFileType = sourcecode.swift; path = UserCollectionViewCell.swift; sourceTree = "<group>"; };
		CEB027A629B27BE2001F2DDE /* PostModel.swift */ = {isa = PBXFileReference; lastKnownFileType = sourcecode.swift; path = PostModel.swift; sourceTree = "<group>"; };
		CEB027A829B27CD5001F2DDE /* PostStorage.swift */ = {isa = PBXFileReference; lastKnownFileType = sourcecode.swift; path = PostStorage.swift; sourceTree = "<group>"; };
		CEB027AA29B281B2001F2DDE /* PostTableViewCell.swift */ = {isa = PBXFileReference; lastKnownFileType = sourcecode.swift; path = PostTableViewCell.swift; sourceTree = "<group>"; };
		CEB027AC29B28411001F2DDE /* UserView.swift */ = {isa = PBXFileReference; lastKnownFileType = sourcecode.swift; path = UserView.swift; sourceTree = "<group>"; };
/* End PBXFileReference section */

/* Begin PBXFrameworksBuildPhase section */
		CEB0273E29B002EA001F2DDE /* Frameworks */ = {
			isa = PBXFrameworksBuildPhase;
			buildActionMask = 2147483647;
			files = (
				CEB0278D29B07C3C001F2DDE /* SnapKit in Frameworks */,
			);
			runOnlyForDeploymentPostprocessing = 0;
		};
		CEB0275729B002EC001F2DDE /* Frameworks */ = {
			isa = PBXFrameworksBuildPhase;
			buildActionMask = 2147483647;
			files = (
			);
			runOnlyForDeploymentPostprocessing = 0;
		};
		CEB0276129B002EC001F2DDE /* Frameworks */ = {
			isa = PBXFrameworksBuildPhase;
			buildActionMask = 2147483647;
			files = (
			);
			runOnlyForDeploymentPostprocessing = 0;
		};
/* End PBXFrameworksBuildPhase section */

/* Begin PBXGroup section */
		CEB0273829B002EA001F2DDE = {
			isa = PBXGroup;
			children = (
				CEB0274329B002EA001F2DDE /* Vkontakte */,
				CEB0275D29B002EC001F2DDE /* VkontakteTests */,
				CEB0276729B002EC001F2DDE /* VkontakteUITests */,
				CEB0274229B002EA001F2DDE /* Products */,
			);
			sourceTree = "<group>";
		};
		CEB0274229B002EA001F2DDE /* Products */ = {
			isa = PBXGroup;
			children = (
				CEB0274129B002EA001F2DDE /* Vkontakte.app */,
				CEB0275A29B002EC001F2DDE /* VkontakteTests.xctest */,
				CEB0276429B002EC001F2DDE /* VkontakteUITests.xctest */,
			);
			name = Products;
			sourceTree = "<group>";
		};
		CEB0274329B002EA001F2DDE /* Vkontakte */ = {
			isa = PBXGroup;
			children = (
				CEB0279B29B22979001F2DDE /* Services */,
				CEB0279029B0B630001F2DDE /* CustomStyle */,
				CEB0274629B002EA001F2DDE /* SceneDelegate.swift */,
				CEB0274429B002EA001F2DDE /* AppDelegate.swift */,
				CEB0278429B07AAD001F2DDE /* View */,
				CEB0278329B07A94001F2DDE /* View_model */,
				CEB0278129B07990001F2DDE /* Model */,
				CEB0277C29B0075B001F2DDE /* Factory */,
				CEB0277729B005E0001F2DDE /* Coordinator */,
				CEB0274829B002EA001F2DDE /* ViewController.swift */,
				CEB0274A29B002EA001F2DDE /* Main.storyboard */,
				CEB0275029B002EC001F2DDE /* Assets.xcassets */,
				CEB0275229B002EC001F2DDE /* LaunchScreen.storyboard */,
				CEB0275529B002EC001F2DDE /* Info.plist */,
				CEB0274D29B002EA001F2DDE /* Vkontakte.xcdatamodeld */,
			);
			path = Vkontakte;
			sourceTree = "<group>";
		};
		CEB0275D29B002EC001F2DDE /* VkontakteTests */ = {
			isa = PBXGroup;
			children = (
				CEB0275E29B002EC001F2DDE /* VkontakteTests.swift */,
			);
			path = VkontakteTests;
			sourceTree = "<group>";
		};
		CEB0276729B002EC001F2DDE /* VkontakteUITests */ = {
			isa = PBXGroup;
			children = (
				CEB0276829B002EC001F2DDE /* VkontakteUITests.swift */,
				CEB0276A29B002EC001F2DDE /* VkontakteUITestsLaunchTests.swift */,
			);
			path = VkontakteUITests;
			sourceTree = "<group>";
		};
		CEB0277729B005E0001F2DDE /* Coordinator */ = {
			isa = PBXGroup;
			children = (
				CEB0277829B005FD001F2DDE /* CoordinatorProtocol.swift */,
				CEB0277A29B0064D001F2DDE /* AppCoordinator.swift */,
			);
			path = Coordinator;
			sourceTree = "<group>";
		};
		CEB0277C29B0075B001F2DDE /* Factory */ = {
			isa = PBXGroup;
			children = (
				CEB0277D29B00770001F2DDE /* FactoryProtocol.swift */,
				CEB0277F29B007F5001F2DDE /* Factory.swift */,
			);
			path = Factory;
			sourceTree = "<group>";
		};
		CEB0278129B07990001F2DDE /* Model */ = {
			isa = PBXGroup;
			children = (
				CEB0279729B1234D001F2DDE /* UserModel.swift */,
				CEB0279E29B27322001F2DDE /* UserStorage.swift */,
				CEB027A629B27BE2001F2DDE /* PostModel.swift */,
				CEB027A829B27CD5001F2DDE /* PostStorage.swift */,
			);
			path = Model;
			sourceTree = "<group>";
		};
		CEB0278329B07A94001F2DDE /* View_model */ = {
			isa = PBXGroup;
			children = (
				CEB0279529B12263001F2DDE /* RegisterViewModel.swift */,
			);
			path = View_model;
			sourceTree = "<group>";
		};
		CEB0278429B07AAD001F2DDE /* View */ = {
			isa = PBXGroup;
			children = (
				CEB0278829B07AF5001F2DDE /* Feed */,
				CEB0278729B07AEC001F2DDE /* Liked */,
				CEB0278629B07AD8001F2DDE /* Profile */,
				CEB0278529B07ACE001F2DDE /* Landing */,
			);
			path = View;
			sourceTree = "<group>";
		};
		CEB0278529B07ACE001F2DDE /* Landing */ = {
			isa = PBXGroup;
			children = (
				CEB0278929B07B1D001F2DDE /* LandingViewController.swift */,
				CEB0278E29B0A522001F2DDE /* RegisterViewController.swift */,
				CEB0279329B0B91A001F2DDE /* ConfirmationViewController.swift */,
				CEB0279929B13190001F2DDE /* GeneralInfoViewController.swift */,
			);
			path = Landing;
			sourceTree = "<group>";
		};
		CEB0278629B07AD8001F2DDE /* Profile */ = {
			isa = PBXGroup;
			children = (
				CE4D3A2729B5CB6F00A2E09A /* ProfileViewController.swift */,
			);
			path = Profile;
			sourceTree = "<group>";
		};
		CEB0278729B07AEC001F2DDE /* Liked */ = {
			isa = PBXGroup;
			children = (
			);
			path = Liked;
			sourceTree = "<group>";
		};
		CEB0278829B07AF5001F2DDE /* Feed */ = {
			isa = PBXGroup;
			children = (
				CEB027A029B27448001F2DDE /* FeedViewController.swift */,
				CEB027A229B275FC001F2DDE /* UsersCollectionHeaderView.swift */,
				CEB027A429B276AA001F2DDE /* UserCollectionViewCell.swift */,
				CEB027AA29B281B2001F2DDE /* PostTableViewCell.swift */,
				CEB027AC29B28411001F2DDE /* UserView.swift */,
				CE4D3A2529B5234600A2E09A /* PostViewController.swift */,
			);
			path = Feed;
			sourceTree = "<group>";
		};
		CEB0279029B0B630001F2DDE /* CustomStyle */ = {
			isa = PBXGroup;
			children = (
				CEB0279129B0B644001F2DDE /* Customization.swift */,
			);
			path = CustomStyle;
			sourceTree = "<group>";
		};
		CEB0279B29B22979001F2DDE /* Services */ = {
			isa = PBXGroup;
			children = (
				CEB0279C29B229A0001F2DDE /* LocalNotificationService.swift */,
			);
			path = Services;
			sourceTree = "<group>";
		};
/* End PBXGroup section */

/* Begin PBXNativeTarget section */
		CEB0274029B002EA001F2DDE /* Vkontakte */ = {
			isa = PBXNativeTarget;
			buildConfigurationList = CEB0276E29B002EC001F2DDE /* Build configuration list for PBXNativeTarget "Vkontakte" */;
			buildPhases = (
				CEB0273D29B002EA001F2DDE /* Sources */,
				CEB0273E29B002EA001F2DDE /* Frameworks */,
				CEB0273F29B002EA001F2DDE /* Resources */,
			);
			buildRules = (
			);
			dependencies = (
			);
			name = Vkontakte;
			packageProductDependencies = (
				CEB0278C29B07C3C001F2DDE /* SnapKit */,
			);
			productName = Vkontakte;
			productReference = CEB0274129B002EA001F2DDE /* Vkontakte.app */;
			productType = "com.apple.product-type.application";
		};
		CEB0275929B002EC001F2DDE /* VkontakteTests */ = {
			isa = PBXNativeTarget;
			buildConfigurationList = CEB0277129B002EC001F2DDE /* Build configuration list for PBXNativeTarget "VkontakteTests" */;
			buildPhases = (
				CEB0275629B002EC001F2DDE /* Sources */,
				CEB0275729B002EC001F2DDE /* Frameworks */,
				CEB0275829B002EC001F2DDE /* Resources */,
			);
			buildRules = (
			);
			dependencies = (
				CEB0275C29B002EC001F2DDE /* PBXTargetDependency */,
			);
			name = VkontakteTests;
			productName = VkontakteTests;
			productReference = CEB0275A29B002EC001F2DDE /* VkontakteTests.xctest */;
			productType = "com.apple.product-type.bundle.unit-test";
		};
		CEB0276329B002EC001F2DDE /* VkontakteUITests */ = {
			isa = PBXNativeTarget;
			buildConfigurationList = CEB0277429B002EC001F2DDE /* Build configuration list for PBXNativeTarget "VkontakteUITests" */;
			buildPhases = (
				CEB0276029B002EC001F2DDE /* Sources */,
				CEB0276129B002EC001F2DDE /* Frameworks */,
				CEB0276229B002EC001F2DDE /* Resources */,
			);
			buildRules = (
			);
			dependencies = (
				CEB0276629B002EC001F2DDE /* PBXTargetDependency */,
			);
			name = VkontakteUITests;
			productName = VkontakteUITests;
			productReference = CEB0276429B002EC001F2DDE /* VkontakteUITests.xctest */;
			productType = "com.apple.product-type.bundle.ui-testing";
		};
/* End PBXNativeTarget section */

/* Begin PBXProject section */
		CEB0273929B002EA001F2DDE /* Project object */ = {
			isa = PBXProject;
			attributes = {
				BuildIndependentTargetsInParallel = 1;
				LastSwiftUpdateCheck = 1400;
				LastUpgradeCheck = 1400;
				TargetAttributes = {
					CEB0274029B002EA001F2DDE = {
						CreatedOnToolsVersion = 14.0.1;
					};
					CEB0275929B002EC001F2DDE = {
						CreatedOnToolsVersion = 14.0.1;
						TestTargetID = CEB0274029B002EA001F2DDE;
					};
					CEB0276329B002EC001F2DDE = {
						CreatedOnToolsVersion = 14.0.1;
						TestTargetID = CEB0274029B002EA001F2DDE;
					};
				};
			};
			buildConfigurationList = CEB0273C29B002EA001F2DDE /* Build configuration list for PBXProject "Vkontakte" */;
			compatibilityVersion = "Xcode 14.0";
			developmentRegion = en;
			hasScannedForEncodings = 0;
			knownRegions = (
				en,
				Base,
			);
			mainGroup = CEB0273829B002EA001F2DDE;
			packageReferences = (
				CEB0278B29B07C3C001F2DDE /* XCRemoteSwiftPackageReference "SnapKit" */,
			);
			productRefGroup = CEB0274229B002EA001F2DDE /* Products */;
			projectDirPath = "";
			projectRoot = "";
			targets = (
				CEB0274029B002EA001F2DDE /* Vkontakte */,
				CEB0275929B002EC001F2DDE /* VkontakteTests */,
				CEB0276329B002EC001F2DDE /* VkontakteUITests */,
			);
		};
/* End PBXProject section */

/* Begin PBXResourcesBuildPhase section */
		CEB0273F29B002EA001F2DDE /* Resources */ = {
			isa = PBXResourcesBuildPhase;
			buildActionMask = 2147483647;
			files = (
				CEB0275429B002EC001F2DDE /* LaunchScreen.storyboard in Resources */,
				CEB0275129B002EC001F2DDE /* Assets.xcassets in Resources */,
				CEB0274C29B002EA001F2DDE /* Main.storyboard in Resources */,
			);
			runOnlyForDeploymentPostprocessing = 0;
		};
		CEB0275829B002EC001F2DDE /* Resources */ = {
			isa = PBXResourcesBuildPhase;
			buildActionMask = 2147483647;
			files = (
			);
			runOnlyForDeploymentPostprocessing = 0;
		};
		CEB0276229B002EC001F2DDE /* Resources */ = {
			isa = PBXResourcesBuildPhase;
			buildActionMask = 2147483647;
			files = (
			);
			runOnlyForDeploymentPostprocessing = 0;
		};
/* End PBXResourcesBuildPhase section */

/* Begin PBXSourcesBuildPhase section */
		CEB0273D29B002EA001F2DDE /* Sources */ = {
			isa = PBXSourcesBuildPhase;
			buildActionMask = 2147483647;
			files = (
				CEB0278029B007F5001F2DDE /* Factory.swift in Sources */,
				CEB0278F29B0A522001F2DDE /* RegisterViewController.swift in Sources */,
				CEB0277B29B0064D001F2DDE /* AppCoordinator.swift in Sources */,
				CEB0274929B002EA001F2DDE /* ViewController.swift in Sources */,
				CE4D3A2629B5234600A2E09A /* PostViewController.swift in Sources */,
				CEB027A329B275FC001F2DDE /* UsersCollectionHeaderView.swift in Sources */,
				CEB0274F29B002EA001F2DDE /* Vkontakte.xcdatamodeld in Sources */,
				CEB0277929B005FD001F2DDE /* CoordinatorProtocol.swift in Sources */,
				CEB0279429B0B91A001F2DDE /* ConfirmationViewController.swift in Sources */,
				CEB0274529B002EA001F2DDE /* AppDelegate.swift in Sources */,
				CE4D3A2829B5CB6F00A2E09A /* ProfileViewController.swift in Sources */,
				CEB027A929B27CD5001F2DDE /* PostStorage.swift in Sources */,
				CEB027A529B276AA001F2DDE /* UserCollectionViewCell.swift in Sources */,
				CEB027A729B27BE2001F2DDE /* PostModel.swift in Sources */,
				CEB0279829B1234D001F2DDE /* UserModel.swift in Sources */,
				CEB0279629B12263001F2DDE /* RegisterViewModel.swift in Sources */,
				CEB027AB29B281B2001F2DDE /* PostTableViewCell.swift in Sources */,
				CEB027A129B27448001F2DDE /* FeedViewController.swift in Sources */,
				CEB0279F29B27322001F2DDE /* UserStorage.swift in Sources */,
				CEB0279A29B13190001F2DDE /* GeneralInfoViewController.swift in Sources */,
				CEB0274729B002EA001F2DDE /* SceneDelegate.swift in Sources */,
				CEB027AD29B28411001F2DDE /* UserView.swift in Sources */,
				CEB0279D29B229A0001F2DDE /* LocalNotificationService.swift in Sources */,
				CEB0278A29B07B1D001F2DDE /* LandingViewController.swift in Sources */,
				CEB0279229B0B644001F2DDE /* Customization.swift in Sources */,
				CEB0277E29B00770001F2DDE /* FactoryProtocol.swift in Sources */,
			);
			runOnlyForDeploymentPostprocessing = 0;
		};
		CEB0275629B002EC001F2DDE /* Sources */ = {
			isa = PBXSourcesBuildPhase;
			buildActionMask = 2147483647;
			files = (
				CEB0275F29B002EC001F2DDE /* VkontakteTests.swift in Sources */,
			);
			runOnlyForDeploymentPostprocessing = 0;
		};
		CEB0276029B002EC001F2DDE /* Sources */ = {
			isa = PBXSourcesBuildPhase;
			buildActionMask = 2147483647;
			files = (
				CEB0276B29B002EC001F2DDE /* VkontakteUITestsLaunchTests.swift in Sources */,
				CEB0276929B002EC001F2DDE /* VkontakteUITests.swift in Sources */,
			);
			runOnlyForDeploymentPostprocessing = 0;
		};
/* End PBXSourcesBuildPhase section */

/* Begin PBXTargetDependency section */
		CEB0275C29B002EC001F2DDE /* PBXTargetDependency */ = {
			isa = PBXTargetDependency;
			target = CEB0274029B002EA001F2DDE /* Vkontakte */;
			targetProxy = CEB0275B29B002EC001F2DDE /* PBXContainerItemProxy */;
		};
		CEB0276629B002EC001F2DDE /* PBXTargetDependency */ = {
			isa = PBXTargetDependency;
			target = CEB0274029B002EA001F2DDE /* Vkontakte */;
			targetProxy = CEB0276529B002EC001F2DDE /* PBXContainerItemProxy */;
		};
/* End PBXTargetDependency section */

/* Begin PBXVariantGroup section */
		CEB0274A29B002EA001F2DDE /* Main.storyboard */ = {
			isa = PBXVariantGroup;
			children = (
				CEB0274B29B002EA001F2DDE /* Base */,
			);
			name = Main.storyboard;
			sourceTree = "<group>";
		};
		CEB0275229B002EC001F2DDE /* LaunchScreen.storyboard */ = {
			isa = PBXVariantGroup;
			children = (
				CEB0275329B002EC001F2DDE /* Base */,
			);
			name = LaunchScreen.storyboard;
			sourceTree = "<group>";
		};
/* End PBXVariantGroup section */

/* Begin XCBuildConfiguration section */
		CEB0276C29B002EC001F2DDE /* Debug */ = {
			isa = XCBuildConfiguration;
			buildSettings = {
				ALWAYS_SEARCH_USER_PATHS = NO;
				CLANG_ANALYZER_NONNULL = YES;
				CLANG_ANALYZER_NUMBER_OBJECT_CONVERSION = YES_AGGRESSIVE;
				CLANG_CXX_LANGUAGE_STANDARD = "gnu++20";
				CLANG_ENABLE_MODULES = YES;
				CLANG_ENABLE_OBJC_ARC = YES;
				CLANG_ENABLE_OBJC_WEAK = YES;
				CLANG_WARN_BLOCK_CAPTURE_AUTORELEASING = YES;
				CLANG_WARN_BOOL_CONVERSION = YES;
				CLANG_WARN_COMMA = YES;
				CLANG_WARN_CONSTANT_CONVERSION = YES;
				CLANG_WARN_DEPRECATED_OBJC_IMPLEMENTATIONS = YES;
				CLANG_WARN_DIRECT_OBJC_ISA_USAGE = YES_ERROR;
				CLANG_WARN_DOCUMENTATION_COMMENTS = YES;
				CLANG_WARN_EMPTY_BODY = YES;
				CLANG_WARN_ENUM_CONVERSION = YES;
				CLANG_WARN_INFINITE_RECURSION = YES;
				CLANG_WARN_INT_CONVERSION = YES;
				CLANG_WARN_NON_LITERAL_NULL_CONVERSION = YES;
				CLANG_WARN_OBJC_IMPLICIT_RETAIN_SELF = YES;
				CLANG_WARN_OBJC_LITERAL_CONVERSION = YES;
				CLANG_WARN_OBJC_ROOT_CLASS = YES_ERROR;
				CLANG_WARN_QUOTED_INCLUDE_IN_FRAMEWORK_HEADER = YES;
				CLANG_WARN_RANGE_LOOP_ANALYSIS = YES;
				CLANG_WARN_STRICT_PROTOTYPES = YES;
				CLANG_WARN_SUSPICIOUS_MOVE = YES;
				CLANG_WARN_UNGUARDED_AVAILABILITY = YES_AGGRESSIVE;
				CLANG_WARN_UNREACHABLE_CODE = YES;
				CLANG_WARN__DUPLICATE_METHOD_MATCH = YES;
				COPY_PHASE_STRIP = NO;
				DEBUG_INFORMATION_FORMAT = dwarf;
				ENABLE_STRICT_OBJC_MSGSEND = YES;
				ENABLE_TESTABILITY = YES;
				GCC_C_LANGUAGE_STANDARD = gnu11;
				GCC_DYNAMIC_NO_PIC = NO;
				GCC_NO_COMMON_BLOCKS = YES;
				GCC_OPTIMIZATION_LEVEL = 0;
				GCC_PREPROCESSOR_DEFINITIONS = (
					"DEBUG=1",
					"$(inherited)",
				);
				GCC_WARN_64_TO_32_BIT_CONVERSION = YES;
				GCC_WARN_ABOUT_RETURN_TYPE = YES_ERROR;
				GCC_WARN_UNDECLARED_SELECTOR = YES;
				GCC_WARN_UNINITIALIZED_AUTOS = YES_AGGRESSIVE;
				GCC_WARN_UNUSED_FUNCTION = YES;
				GCC_WARN_UNUSED_VARIABLE = YES;
				IPHONEOS_DEPLOYMENT_TARGET = 16.0;
				MTL_ENABLE_DEBUG_INFO = INCLUDE_SOURCE;
				MTL_FAST_MATH = YES;
				ONLY_ACTIVE_ARCH = YES;
				SDKROOT = iphoneos;
				SWIFT_ACTIVE_COMPILATION_CONDITIONS = DEBUG;
				SWIFT_OPTIMIZATION_LEVEL = "-Onone";
			};
			name = Debug;
		};
		CEB0276D29B002EC001F2DDE /* Release */ = {
			isa = XCBuildConfiguration;
			buildSettings = {
				ALWAYS_SEARCH_USER_PATHS = NO;
				CLANG_ANALYZER_NONNULL = YES;
				CLANG_ANALYZER_NUMBER_OBJECT_CONVERSION = YES_AGGRESSIVE;
				CLANG_CXX_LANGUAGE_STANDARD = "gnu++20";
				CLANG_ENABLE_MODULES = YES;
				CLANG_ENABLE_OBJC_ARC = YES;
				CLANG_ENABLE_OBJC_WEAK = YES;
				CLANG_WARN_BLOCK_CAPTURE_AUTORELEASING = YES;
				CLANG_WARN_BOOL_CONVERSION = YES;
				CLANG_WARN_COMMA = YES;
				CLANG_WARN_CONSTANT_CONVERSION = YES;
				CLANG_WARN_DEPRECATED_OBJC_IMPLEMENTATIONS = YES;
				CLANG_WARN_DIRECT_OBJC_ISA_USAGE = YES_ERROR;
				CLANG_WARN_DOCUMENTATION_COMMENTS = YES;
				CLANG_WARN_EMPTY_BODY = YES;
				CLANG_WARN_ENUM_CONVERSION = YES;
				CLANG_WARN_INFINITE_RECURSION = YES;
				CLANG_WARN_INT_CONVERSION = YES;
				CLANG_WARN_NON_LITERAL_NULL_CONVERSION = YES;
				CLANG_WARN_OBJC_IMPLICIT_RETAIN_SELF = YES;
				CLANG_WARN_OBJC_LITERAL_CONVERSION = YES;
				CLANG_WARN_OBJC_ROOT_CLASS = YES_ERROR;
				CLANG_WARN_QUOTED_INCLUDE_IN_FRAMEWORK_HEADER = YES;
				CLANG_WARN_RANGE_LOOP_ANALYSIS = YES;
				CLANG_WARN_STRICT_PROTOTYPES = YES;
				CLANG_WARN_SUSPICIOUS_MOVE = YES;
				CLANG_WARN_UNGUARDED_AVAILABILITY = YES_AGGRESSIVE;
				CLANG_WARN_UNREACHABLE_CODE = YES;
				CLANG_WARN__DUPLICATE_METHOD_MATCH = YES;
				COPY_PHASE_STRIP = NO;
				DEBUG_INFORMATION_FORMAT = "dwarf-with-dsym";
				ENABLE_NS_ASSERTIONS = NO;
				ENABLE_STRICT_OBJC_MSGSEND = YES;
				GCC_C_LANGUAGE_STANDARD = gnu11;
				GCC_NO_COMMON_BLOCKS = YES;
				GCC_WARN_64_TO_32_BIT_CONVERSION = YES;
				GCC_WARN_ABOUT_RETURN_TYPE = YES_ERROR;
				GCC_WARN_UNDECLARED_SELECTOR = YES;
				GCC_WARN_UNINITIALIZED_AUTOS = YES_AGGRESSIVE;
				GCC_WARN_UNUSED_FUNCTION = YES;
				GCC_WARN_UNUSED_VARIABLE = YES;
				IPHONEOS_DEPLOYMENT_TARGET = 16.0;
				MTL_ENABLE_DEBUG_INFO = NO;
				MTL_FAST_MATH = YES;
				SDKROOT = iphoneos;
				SWIFT_COMPILATION_MODE = wholemodule;
				SWIFT_OPTIMIZATION_LEVEL = "-O";
				VALIDATE_PRODUCT = YES;
			};
			name = Release;
		};
		CEB0276F29B002EC001F2DDE /* Debug */ = {
			isa = XCBuildConfiguration;
			buildSettings = {
				ASSETCATALOG_COMPILER_APPICON_NAME = AppIcon;
				ASSETCATALOG_COMPILER_GLOBAL_ACCENT_COLOR_NAME = AccentColor;
				CODE_SIGN_STYLE = Automatic;
				CURRENT_PROJECT_VERSION = 1;
				DEVELOPMENT_TEAM = TDYKKCNQAF;
				GENERATE_INFOPLIST_FILE = YES;
				INFOPLIST_FILE = Vkontakte/Info.plist;
				INFOPLIST_KEY_UIApplicationSupportsIndirectInputEvents = YES;
				INFOPLIST_KEY_UILaunchStoryboardName = LaunchScreen;
				INFOPLIST_KEY_UIMainStoryboardFile = Main;
				INFOPLIST_KEY_UISupportedInterfaceOrientations_iPad = "UIInterfaceOrientationPortrait UIInterfaceOrientationPortraitUpsideDown UIInterfaceOrientationLandscapeLeft UIInterfaceOrientationLandscapeRight";
				INFOPLIST_KEY_UISupportedInterfaceOrientations_iPhone = "UIInterfaceOrientationPortrait UIInterfaceOrientationLandscapeLeft UIInterfaceOrientationLandscapeRight";
				LD_RUNPATH_SEARCH_PATHS = (
					"$(inherited)",
					"@executable_path/Frameworks",
				);
				MARKETING_VERSION = 1.0;
				PRODUCT_BUNDLE_IDENTIFIER = com.SimonApps.Vkontakte;
				PRODUCT_NAME = "$(TARGET_NAME)";
				SWIFT_EMIT_LOC_STRINGS = YES;
				SWIFT_VERSION = 5.0;
				TARGETED_DEVICE_FAMILY = "1,2";
			};
			name = Debug;
		};
		CEB0277029B002EC001F2DDE /* Release */ = {
			isa = XCBuildConfiguration;
			buildSettings = {
				ASSETCATALOG_COMPILER_APPICON_NAME = AppIcon;
				ASSETCATALOG_COMPILER_GLOBAL_ACCENT_COLOR_NAME = AccentColor;
				CODE_SIGN_STYLE = Automatic;
				CURRENT_PROJECT_VERSION = 1;
				DEVELOPMENT_TEAM = TDYKKCNQAF;
				GENERATE_INFOPLIST_FILE = YES;
				INFOPLIST_FILE = Vkontakte/Info.plist;
				INFOPLIST_KEY_UIApplicationSupportsIndirectInputEvents = YES;
				INFOPLIST_KEY_UILaunchStoryboardName = LaunchScreen;
				INFOPLIST_KEY_UIMainStoryboardFile = Main;
				INFOPLIST_KEY_UISupportedInterfaceOrientations_iPad = "UIInterfaceOrientationPortrait UIInterfaceOrientationPortraitUpsideDown UIInterfaceOrientationLandscapeLeft UIInterfaceOrientationLandscapeRight";
				INFOPLIST_KEY_UISupportedInterfaceOrientations_iPhone = "UIInterfaceOrientationPortrait UIInterfaceOrientationLandscapeLeft UIInterfaceOrientationLandscapeRight";
				LD_RUNPATH_SEARCH_PATHS = (
					"$(inherited)",
					"@executable_path/Frameworks",
				);
				MARKETING_VERSION = 1.0;
				PRODUCT_BUNDLE_IDENTIFIER = com.SimonApps.Vkontakte;
				PRODUCT_NAME = "$(TARGET_NAME)";
				SWIFT_EMIT_LOC_STRINGS = YES;
				SWIFT_VERSION = 5.0;
				TARGETED_DEVICE_FAMILY = "1,2";
			};
			name = Release;
		};
		CEB0277229B002EC001F2DDE /* Debug */ = {
			isa = XCBuildConfiguration;
			buildSettings = {
				ALWAYS_EMBED_SWIFT_STANDARD_LIBRARIES = YES;
				BUNDLE_LOADER = "$(TEST_HOST)";
				CODE_SIGN_STYLE = Automatic;
				CURRENT_PROJECT_VERSION = 1;
				DEVELOPMENT_TEAM = TDYKKCNQAF;
				GENERATE_INFOPLIST_FILE = YES;
				IPHONEOS_DEPLOYMENT_TARGET = 16.0;
				MARKETING_VERSION = 1.0;
				PRODUCT_BUNDLE_IDENTIFIER = com.SimonApps.VkontakteTests;
				PRODUCT_NAME = "$(TARGET_NAME)";
				SWIFT_EMIT_LOC_STRINGS = NO;
				SWIFT_VERSION = 5.0;
				TARGETED_DEVICE_FAMILY = "1,2";
				TEST_HOST = "$(BUILT_PRODUCTS_DIR)/Vkontakte.app/$(BUNDLE_EXECUTABLE_FOLDER_PATH)/Vkontakte";
			};
			name = Debug;
		};
		CEB0277329B002EC001F2DDE /* Release */ = {
			isa = XCBuildConfiguration;
			buildSettings = {
				ALWAYS_EMBED_SWIFT_STANDARD_LIBRARIES = YES;
				BUNDLE_LOADER = "$(TEST_HOST)";
				CODE_SIGN_STYLE = Automatic;
				CURRENT_PROJECT_VERSION = 1;
				DEVELOPMENT_TEAM = TDYKKCNQAF;
				GENERATE_INFOPLIST_FILE = YES;
				IPHONEOS_DEPLOYMENT_TARGET = 16.0;
				MARKETING_VERSION = 1.0;
				PRODUCT_BUNDLE_IDENTIFIER = com.SimonApps.VkontakteTests;
				PRODUCT_NAME = "$(TARGET_NAME)";
				SWIFT_EMIT_LOC_STRINGS = NO;
				SWIFT_VERSION = 5.0;
				TARGETED_DEVICE_FAMILY = "1,2";
				TEST_HOST = "$(BUILT_PRODUCTS_DIR)/Vkontakte.app/$(BUNDLE_EXECUTABLE_FOLDER_PATH)/Vkontakte";
			};
			name = Release;
		};
		CEB0277529B002EC001F2DDE /* Debug */ = {
			isa = XCBuildConfiguration;
			buildSettings = {
				ALWAYS_EMBED_SWIFT_STANDARD_LIBRARIES = YES;
				CODE_SIGN_STYLE = Automatic;
				CURRENT_PROJECT_VERSION = 1;
				DEVELOPMENT_TEAM = TDYKKCNQAF;
				GENERATE_INFOPLIST_FILE = YES;
				MARKETING_VERSION = 1.0;
				PRODUCT_BUNDLE_IDENTIFIER = com.SimonApps.VkontakteUITests;
				PRODUCT_NAME = "$(TARGET_NAME)";
				SWIFT_EMIT_LOC_STRINGS = NO;
				SWIFT_VERSION = 5.0;
				TARGETED_DEVICE_FAMILY = "1,2";
				TEST_TARGET_NAME = Vkontakte;
			};
			name = Debug;
		};
		CEB0277629B002EC001F2DDE /* Release */ = {
			isa = XCBuildConfiguration;
			buildSettings = {
				ALWAYS_EMBED_SWIFT_STANDARD_LIBRARIES = YES;
				CODE_SIGN_STYLE = Automatic;
				CURRENT_PROJECT_VERSION = 1;
				DEVELOPMENT_TEAM = TDYKKCNQAF;
				GENERATE_INFOPLIST_FILE = YES;
				MARKETING_VERSION = 1.0;
				PRODUCT_BUNDLE_IDENTIFIER = com.SimonApps.VkontakteUITests;
				PRODUCT_NAME = "$(TARGET_NAME)";
				SWIFT_EMIT_LOC_STRINGS = NO;
				SWIFT_VERSION = 5.0;
				TARGETED_DEVICE_FAMILY = "1,2";
				TEST_TARGET_NAME = Vkontakte;
			};
			name = Release;
		};
/* End XCBuildConfiguration section */

/* Begin XCConfigurationList section */
		CEB0273C29B002EA001F2DDE /* Build configuration list for PBXProject "Vkontakte" */ = {
			isa = XCConfigurationList;
			buildConfigurations = (
				CEB0276C29B002EC001F2DDE /* Debug */,
				CEB0276D29B002EC001F2DDE /* Release */,
			);
			defaultConfigurationIsVisible = 0;
			defaultConfigurationName = Release;
		};
		CEB0276E29B002EC001F2DDE /* Build configuration list for PBXNativeTarget "Vkontakte" */ = {
			isa = XCConfigurationList;
			buildConfigurations = (
				CEB0276F29B002EC001F2DDE /* Debug */,
				CEB0277029B002EC001F2DDE /* Release */,
			);
			defaultConfigurationIsVisible = 0;
			defaultConfigurationName = Release;
		};
		CEB0277129B002EC001F2DDE /* Build configuration list for PBXNativeTarget "VkontakteTests" */ = {
			isa = XCConfigurationList;
			buildConfigurations = (
				CEB0277229B002EC001F2DDE /* Debug */,
				CEB0277329B002EC001F2DDE /* Release */,
			);
			defaultConfigurationIsVisible = 0;
			defaultConfigurationName = Release;
		};
		CEB0277429B002EC001F2DDE /* Build configuration list for PBXNativeTarget "VkontakteUITests" */ = {
			isa = XCConfigurationList;
			buildConfigurations = (
				CEB0277529B002EC001F2DDE /* Debug */,
				CEB0277629B002EC001F2DDE /* Release */,
			);
			defaultConfigurationIsVisible = 0;
			defaultConfigurationName = Release;
		};
/* End XCConfigurationList section */

/* Begin XCRemoteSwiftPackageReference section */
		CEB0278B29B07C3C001F2DDE /* XCRemoteSwiftPackageReference "SnapKit" */ = {
			isa = XCRemoteSwiftPackageReference;
			repositoryURL = "https://github.com/SnapKit/SnapKit.git";
			requirement = {
				kind = upToNextMajorVersion;
				minimumVersion = 5.0.0;
			};
		};
/* End XCRemoteSwiftPackageReference section */

/* Begin XCSwiftPackageProductDependency section */
		CEB0278C29B07C3C001F2DDE /* SnapKit */ = {
			isa = XCSwiftPackageProductDependency;
			package = CEB0278B29B07C3C001F2DDE /* XCRemoteSwiftPackageReference "SnapKit" */;
			productName = SnapKit;
		};
/* End XCSwiftPackageProductDependency section */

/* Begin XCVersionGroup section */
		CEB0274D29B002EA001F2DDE /* Vkontakte.xcdatamodeld */ = {
			isa = XCVersionGroup;
			children = (
				CEB0274E29B002EA001F2DDE /* Vkontakte.xcdatamodel */,
			);
			currentVersion = CEB0274E29B002EA001F2DDE /* Vkontakte.xcdatamodel */;
			path = Vkontakte.xcdatamodeld;
			sourceTree = "<group>";
			versionGroupType = wrapper.xcdatamodel;
		};
/* End XCVersionGroup section */
	};
	rootObject = CEB0273929B002EA001F2DDE /* Project object */;
}
